
Microsoft Visual Studio Solution File, Format Version 12.00
# Visual Studio Version 17
VisualStudioVersion = 17.6.33829.357
MinimumVisualStudioVersion = 10.0.40219.1
Project("{FAE04EC0-301F-11D3-BF4B-00C04F79EFBC}") = "MovieApp", "MovieApp.csproj", "{E8956B61-2A53-40D1-AA45-CBB5688605C0}"
EndProject
Global
	GlobalSection(SolutionConfigurationPlatforms) = preSolution
		Debug|Any CPU = Debug|Any CPU
		Release|Any CPU = Release|Any CPU
	EndGlobalSection
	GlobalSection(ProjectConfigurationPlatforms) = postSolution
		{E8956B61-2A53-40D1-AA45-CBB5688605C0}.Debug|Any CPU.ActiveCfg = Debug|Any CPU
		{E8956B61-2A53-40D1-AA45-CBB5688605C0}.Debug|Any CPU.Build.0 = Debug|Any CPU
		{E8956B61-2A53-40D1-AA45-CBB5688605C0}.Release|Any CPU.ActiveCfg = Release|Any CPU
		{E8956B61-2A53-40D1-AA45-CBB5688605C0}.Release|Any CPU.Build.0 = Release|Any CPU
	EndGlobalSection
	GlobalSection(SolutionProperties) = preSolution
		HideSolutionNode = FALSE
	EndGlobalSection
	GlobalSection(ExtensibilityGlobals) = postSolution
		SolutionGuid = {06E3DF08-965F-4647-86F6-87D04789EA2A}
	EndGlobalSection
EndGlobal
